
Microsoft Visual Studio Solution File, Format Version 12.00
# Visual Studio Version 17
VisualStudioVersion = 17.14.37216.2 d17.14
MinimumVisualStudioVersion = 10.0.40219.1
Project("{FAE04EC0-301F-11D3-BF4B-00C04F79EFBC}") = "RabatStrategien", "RabatStrategien\RabatStrategien.csproj", "{393FBB34-E953-4DAE-9E83-83532EED7C9B}"
EndProject
Global
	GlobalSection(SolutionConfigurationPlatforms) = preSolution
		Debug|Any CPU = Debug|Any CPU
		Release|Any CPU = Release|Any CPU
	EndGlobalSection
	GlobalSection(ProjectConfigurationPlatforms) = postSolution
		{393FBB34-E953-4DAE-9E83-83532EED7C9B}.Debug|Any CPU.ActiveCfg = Debug|Any CPU
		{393FBB34-E953-4DAE-9E83-83532EED7C9B}.Debug|Any CPU.Build.0 = Debug|Any CPU
		{393FBB34-E953-4DAE-9E83-83532EED7C9B}.Release|Any CPU.ActiveCfg = Release|Any CPU
		{393FBB34-E953-4DAE-9E83-83532EED7C9B}.Release|Any CPU.Build.0 = Release|Any CPU
	EndGlobalSection
	GlobalSection(SolutionProperties) = preSolution
		HideSolutionNode = FALSE
	EndGlobalSection
	GlobalSection(ExtensibilityGlobals) = postSolution
		SolutionGuid = {37A94C27-E134-46DC-BA2C-C142CAF3550C}
	EndGlobalSection
EndGlobal
